
Microsoft Visual Studio Solution File, Format Version 12.00
# Visual Studio Version 16
VisualStudioVersion = 16.0.31702.278
MinimumVisualStudioVersion = 10.0.40219.1
Project("{8BC9CEB8-8B4A-11D0-8D11-00A0C91BC942}") = "第六章6.1", "第六章6.1\第六章6.1.vcxproj", "{FE6F8957-168B-4B9C-AB3C-6EB5947DB30A}"
EndProject
Project("{8BC9CEB8-8B4A-11D0-8D11-00A0C91BC942}") = "第六章6.1.1", "第六章6.1.1\第六章6.1.1.vcxproj", "{5B36CB09-BBE3-4CF7-9B88-F2C9353CA3B3}"
EndProject
Project("{8BC9CEB8-8B4A-11D0-8D11-00A0C91BC942}") = "第六章6.2.3", "第六章6.2.3\第六章6.2.3.vcxproj", "{B9F37FF6-C33E-4794-80CB-A1C9AB002505}"
EndProject
Project("{8BC9CEB8-8B4A-11D0-8D11-00A0C91BC942}") = "第六章6.3", "第六章6.3\第六章6.3.vcxproj", "{909B440E-D407-4109-A2CA-40BE0322487D}"
EndProject
Project("{8BC9CEB8-8B4A-11D0-8D11-00A0C91BC942}") = "第六章6.5.1", "第六章6.4\第六章6.4.vcxproj", "{1174E0F1-7CDA-4411-9871-F54E6BB97D2B}"
EndProject
Project("{8BC9CEB8-8B4A-11D0-8D11-00A0C91BC942}") = "第六章6.6", "第六章6.5.2\第六章6.5.2.vcxproj", "{819A139E-0A46-452A-B89E-9DC25EF12A04}"
EndProject
Project("{8BC9CEB8-8B4A-11D0-8D11-00A0C91BC942}") = "第六章6.7", "第六章6.7\第六章6.7.vcxproj", "{CB0CCCA1-52D1-40C2-BDFE-7A45F1E20510}"
EndProject
Project("{8BC9CEB8-8B4A-11D0-8D11-00A0C91BC942}") = "测试项目", "测试项目\测试项目.vcxproj", "{5668CCAB-18A9-4554-91E9-6D4DA1E0E9A4}"
EndProject
Project("{8BC9CEB8-8B4A-11D0-8D11-00A0C91BC942}") = "第六章6.8.2", "第六章6.8.2\第六章6.8.2.vcxproj", "{441B01F5-1572-4CDB-B87A-DD93E950A9B6}"
EndProject
Project("{8BC9CEB8-8B4A-11D0-8D11-00A0C91BC942}") = "第六章6.8.2第二部分", "第六章6.8.2第二部分\第六章6.8.2第二部分.vcxproj", "{38E7990F-640D-4BDA-8D40-C1CB5FDCFA28}"
EndProject
Project("{8BC9CEB8-8B4A-11D0-8D11-00A0C91BC942}") = "第六章6.8.3", "第六章6.8.3\第六章6.8.3.vcxproj", "{DCFFDE54-AA27-46F2-B1D6-08A4EDFC8AFE}"
EndProject
Project("{8BC9CEB8-8B4A-11D0-8D11-00A0C91BC942}") = "第六章6.8.3第二部分", "第六章6.8.3第二部分\第六章6.8.3第二部分.vcxproj", "{F1DBA85F-8AF7-4446-8DCD-66A374F3ADCA}"
EndProject
Project("{8BC9CEB8-8B4A-11D0-8D11-00A0C91BC942}") = "第六章6.10复习题", "第六章6.10复习题\第六章6.10复习题.vcxproj", "{58F45652-39CD-4B21-8D55-869067F3EFEE}"
EndProject
Project("{8BC9CEB8-8B4A-11D0-8D11-00A0C91BC942}") = "第六章编程练习1", "第六章编程练习\第六章编程练习.vcxproj", "{F91E562F-9717-4955-8768-8C7F8B385402}"
EndProject
Project("{8BC9CEB8-8B4A-11D0-8D11-00A0C91BC942}") = "第六章编程练习2", "第六章编程练习2\第六章编程练习2.vcxproj", "{9D75975B-7FD8-428D-88DE-88C0D939C421}"
EndProject
Project("{8BC9CEB8-8B4A-11D0-8D11-00A0C91BC942}") = "第六章编程练习3", "第六章编程练习3\第六章编程练习3.vcxproj", "{342BFCB4-A16F-4054-92A7-725EB710ABDE}"
EndProject
Project("{8BC9CEB8-8B4A-11D0-8D11-00A0C91BC942}") = "第六章编程练习4", "第六章编程练习4\第六章编程练习4.vcxproj", "{8192C9E1-518B-4FBD-91D8-1C60C18B697D}"
EndProject
Project("{8BC9CEB8-8B4A-11D0-8D11-00A0C91BC942}") = "第六章编程练习5", "第六章编程练习5\第六章编程练习5.vcxproj", "{C0E5E027-F322-4026-8FF3-C5271704527C}"
EndProject
Project("{8BC9CEB8-8B4A-11D0-8D11-00A0C91BC942}") = "第六章编程练习6", "第六章编程练习6\第六章编程练习6.vcxproj", "{080F9C4C-69A8-4823-A6DB-1A609303FD41}"
EndProject
Project("{8BC9CEB8-8B4A-11D0-8D11-00A0C91BC942}") = "第六章编程练习7", "第六章编程练习7\第六章编程练习7.vcxproj", "{F42F7D39-FA0D-48B1-B741-B15F7BD9D335}"
EndProject
Project("{8BC9CEB8-8B4A-11D0-8D11-00A0C91BC942}") = "第六章编程练习8", "第六章编程练习8\第六章编程练习8.vcxproj", "{6EF585FA-3F58-47D5-A2FD-E174D71FA9C0}"
EndProject
Project("{8BC9CEB8-8B4A-11D0-8D11-00A0C91BC942}") = "第六章编程练习9", "第六章编程练习9\第六章编程练习9.vcxproj", "{61EE2DB0-2D0F-4608-B037-EA09763B393E}"
EndProject
Global
	GlobalSection(SolutionConfigurationPlatforms) = preSolution
		Debug|x64 = Debug|x64
		Debug|x86 = Debug|x86
		Release|x64 = Release|x64
		Release|x86 = Release|x86
	EndGlobalSection
	GlobalSection(ProjectConfigurationPlatforms) = postSolution
		{FE6F8957-168B-4B9C-AB3C-6EB5947DB30A}.Debug|x64.ActiveCfg = Debug|x64
		{FE6F8957-168B-4B9C-AB3C-6EB5947DB30A}.Debug|x64.Build.0 = Debug|x64
		{FE6F8957-168B-4B9C-AB3C-6EB5947DB30A}.Debug|x86.ActiveCfg = Debug|Win32
		{FE6F8957-168B-4B9C-AB3C-6EB5947DB30A}.Debug|x86.Build.0 = Debug|Win32
		{FE6F8957-168B-4B9C-AB3C-6EB5947DB30A}.Release|x64.ActiveCfg = Release|x64
		{FE6F8957-168B-4B9C-AB3C-6EB5947DB30A}.Release|x64.Build.0 = Release|x64
		{FE6F8957-168B-4B9C-AB3C-6EB5947DB30A}.Release|x86.ActiveCfg = Release|Win32
		{FE6F8957-168B-4B9C-AB3C-6EB5947DB30A}.Release|x86.Build.0 = Release|Win32
		{5B36CB09-BBE3-4CF7-9B88-F2C9353CA3B3}.Debug|x64.ActiveCfg = Debug|x64
		{5B36CB09-BBE3-4CF7-9B88-F2C9353CA3B3}.Debug|x64.Build.0 = Debug|x64
		{5B36CB09-BBE3-4CF7-9B88-F2C9353CA3B3}.Debug|x86.ActiveCfg = Debug|Win32
		{5B36CB09-BBE3-4CF7-9B88-F2C9353CA3B3}.Debug|x86.Build.0 = Debug|Win32
		{5B36CB09-BBE3-4CF7-9B88-F2C9353CA3B3}.Release|x64.ActiveCfg = Release|x64
		{5B36CB09-BBE3-4CF7-9B88-F2C9353CA3B3}.Release|x64.Build.0 = Release|x64
		{5B36CB09-BBE3-4CF7-9B88-F2C9353CA3B3}.Release|x86.ActiveCfg = Release|Win32
		{5B36CB09-BBE3-4CF7-9B88-F2C9353CA3B3}.Release|x86.Build.0 = Release|Win32
		{B9F37FF6-C33E-4794-80CB-A1C9AB002505}.Debug|x64.ActiveCfg = Debug|x64
		{B9F37FF6-C33E-4794-80CB-A1C9AB002505}.Debug|x64.Build.0 = Debug|x64
		{B9F37FF6-C33E-4794-80CB-A1C9AB002505}.Debug|x86.ActiveCfg = Debug|Win32
		{B9F37FF6-C33E-4794-80CB-A1C9AB002505}.Debug|x86.Build.0 = Debug|Win32
		{B9F37FF6-C33E-4794-80CB-A1C9AB002505}.Release|x64.ActiveCfg = Release|x64
		{B9F37FF6-C33E-4794-80CB-A1C9AB002505}.Release|x64.Build.0 = Release|x64
		{B9F37FF6-C33E-4794-80CB-A1C9AB002505}.Release|x86.ActiveCfg = Release|Win32
		{B9F37FF6-C33E-4794-80CB-A1C9AB002505}.Release|x86.Build.0 = Release|Win32
		{909B440E-D407-4109-A2CA-40BE0322487D}.Debug|x64.ActiveCfg = Debug|x64
		{909B440E-D407-4109-A2CA-40BE0322487D}.Debug|x64.Build.0 = Debug|x64
		{909B440E-D407-4109-A2CA-40BE0322487D}.Debug|x86.ActiveCfg = Debug|Win32
		{909B440E-D407-4109-A2CA-40BE0322487D}.Debug|x86.Build.0 = Debug|Win32
		{909B440E-D407-4109-A2CA-40BE0322487D}.Release|x64.ActiveCfg = Release|x64
		{909B440E-D407-4109-A2CA-40BE0322487D}.Release|x64.Build.0 = Release|x64
		{909B440E-D407-4109-A2CA-40BE0322487D}.Release|x86.ActiveCfg = Release|Win32
		{909B440E-D407-4109-A2CA-40BE0322487D}.Release|x86.Build.0 = Release|Win32
		{1174E0F1-7CDA-4411-9871-F54E6BB97D2B}.Debug|x64.ActiveCfg = Debug|x64
		{1174E0F1-7CDA-4411-9871-F54E6BB97D2B}.Debug|x64.Build.0 = Debug|x64
		{1174E0F1-7CDA-4411-9871-F54E6BB97D2B}.Debug|x86.ActiveCfg = Debug|Win32
		{1174E0F1-7CDA-4411-9871-F54E6BB97D2B}.Debug|x86.Build.0 = Debug|Win32
		{1174E0F1-7CDA-4411-9871-F54E6BB97D2B}.Release|x64.ActiveCfg = Release|x64
		{1174E0F1-7CDA-4411-9871-F54E6BB97D2B}.Release|x64.Build.0 = Release|x64
		{1174E0F1-7CDA-4411-9871-F54E6BB97D2B}.Release|x86.ActiveCfg = Release|Win32
		{1174E0F1-7CDA-4411-9871-F54E6BB97D2B}.Release|x86.Build.0 = Release|Win32
		{819A139E-0A46-452A-B89E-9DC25EF12A04}.Debug|x64.ActiveCfg = Debug|x64
		{819A139E-0A46-452A-B89E-9DC25EF12A04}.Debug|x64.Build.0 = Debug|x64
		{819A139E-0A46-452A-B89E-9DC25EF12A04}.Debug|x86.ActiveCfg = Debug|Win32
		{819A139E-0A46-452A-B89E-9DC25EF12A04}.Debug|x86.Build.0 = Debug|Win32
		{819A139E-0A46-452A-B89E-9DC25EF12A04}.Release|x64.ActiveCfg = Release|x64
		{819A139E-0A46-452A-B89E-9DC25EF12A04}.Release|x64.Build.0 = Release|x64
		{819A139E-0A46-452A-B89E-9DC25EF12A04}.Release|x86.ActiveCfg = Release|Win32
		{819A139E-0A46-452A-B89E-9DC25EF12A04}.Release|x86.Build.0 = Release|Win32
		{CB0CCCA1-52D1-40C2-BDFE-7A45F1E20510}.Debug|x64.ActiveCfg = Debug|x64
		{CB0CCCA1-52D1-40C2-BDFE-7A45F1E20510}.Debug|x64.Build.0 = Debug|x64
		{CB0CCCA1-52D1-40C2-BDFE-7A45F1E20510}.Debug|x86.ActiveCfg = Debug|Win32
		{CB0CCCA1-52D1-40C2-BDFE-7A45F1E20510}.Debug|x86.Build.0 = Debug|Win32
		{CB0CCCA1-52D1-40C2-BDFE-7A45F1E20510}.Release|x64.ActiveCfg = Release|x64
		{CB0CCCA1-52D1-40C2-BDFE-7A45F1E20510}.Release|x64.Build.0 = Release|x64
		{CB0CCCA1-52D1-40C2-BDFE-7A45F1E20510}.Release|x86.ActiveCfg = Release|Win32
		{CB0CCCA1-52D1-40C2-BDFE-7A45F1E20510}.Release|x86.Build.0 = Release|Win32
		{5668CCAB-18A9-4554-91E9-6D4DA1E0E9A4}.Debug|x64.ActiveCfg = Debug|x64
		{5668CCAB-18A9-4554-91E9-6D4DA1E0E9A4}.Debug|x64.Build.0 = Debug|x64
		{5668CCAB-18A9-4554-91E9-6D4DA1E0E9A4}.Debug|x86.ActiveCfg = Debug|Win32
		{5668CCAB-18A9-4554-91E9-6D4DA1E0E9A4}.Debug|x86.Build.0 = Debug|Win32
		{5668CCAB-18A9-4554-91E9-6D4DA1E0E9A4}.Release|x64.ActiveCfg = Release|x64
		{5668CCAB-18A9-4554-91E9-6D4DA1E0E9A4}.Release|x64.Build.0 = Release|x64
		{5668CCAB-18A9-4554-91E9-6D4DA1E0E9A4}.Release|x86.ActiveCfg = Release|Win32
		{5668CCAB-18A9-4554-91E9-6D4DA1E0E9A4}.Release|x86.Build.0 = Release|Win32
		{441B01F5-1572-4CDB-B87A-DD93E950A9B6}.Debug|x64.ActiveCfg = Debug|x64
		{441B01F5-1572-4CDB-B87A-DD93E950A9B6}.Debug|x64.Build.0 = Debug|x64
		{441B01F5-1572-4CDB-B87A-DD93E950A9B6}.Debug|x86.ActiveCfg = Debug|Win32
		{441B01F5-1572-4CDB-B87A-DD93E950A9B6}.Debug|x86.Build.0 = Debug|Win32
		{441B01F5-1572-4CDB-B87A-DD93E950A9B6}.Release|x64.ActiveCfg = Release|x64
		{441B01F5-1572-4CDB-B87A-DD93E950A9B6}.Release|x64.Build.0 = Release|x64
		{441B01F5-1572-4CDB-B87A-DD93E950A9B6}.Release|x86.ActiveCfg = Release|Win32
		{441B01F5-1572-4CDB-B87A-DD93E950A9B6}.Release|x86.Build.0 = Release|Win32
		{38E7990F-640D-4BDA-8D40-C1CB5FDCFA28}.Debug|x64.ActiveCfg = Debug|x64
		{38E7990F-640D-4BDA-8D40-C1CB5FDCFA28}.Debug|x64.Build.0 = Debug|x64
		{38E7990F-640D-4BDA-8D40-C1CB5FDCFA28}.Debug|x86.ActiveCfg = Debug|Win32
		{38E7990F-640D-4BDA-8D40-C1CB5FDCFA28}.Debug|x86.Build.0 = Debug|Win32
		{38E7990F-640D-4BDA-8D40-C1CB5FDCFA28}.Release|x64.ActiveCfg = Release|x64
		{38E7990F-640D-4BDA-8D40-C1CB5FDCFA28}.Release|x64.Build.0 = Release|x64
		{38E7990F-640D-4BDA-8D40-C1CB5FDCFA28}.Release|x86.ActiveCfg = Release|Win32
		{38E7990F-640D-4BDA-8D40-C1CB5FDCFA28}.Release|x86.Build.0 = Release|Win32
		{DCFFDE54-AA27-46F2-B1D6-08A4EDFC8AFE}.Debug|x64.ActiveCfg = Debug|x64
		{DCFFDE54-AA27-46F2-B1D6-08A4EDFC8AFE}.Debug|x64.Build.0 = Debug|x64
		{DCFFDE54-AA27-46F2-B1D6-08A4EDFC8AFE}.Debug|x86.ActiveCfg = Debug|Win32
		{DCFFDE54-AA27-46F2-B1D6-08A4EDFC8AFE}.Debug|x86.Build.0 = Debug|Win32
		{DCFFDE54-AA27-46F2-B1D6-08A4EDFC8AFE}.Release|x64.ActiveCfg = Release|x64
		{DCFFDE54-AA27-46F2-B1D6-08A4EDFC8AFE}.Release|x64.Build.0 = Release|x64
		{DCFFDE54-AA27-46F2-B1D6-08A4EDFC8AFE}.Release|x86.ActiveCfg = Release|Win32
		{DCFFDE54-AA27-46F2-B1D6-08A4EDFC8AFE}.Release|x86.Build.0 = Release|Win32
		{F1DBA85F-8AF7-4446-8DCD-66A374F3ADCA}.Debug|x64.ActiveCfg = Debug|x64
		{F1DBA85F-8AF7-4446-8DCD-66A374F3ADCA}.Debug|x64.Build.0 = Debug|x64
		{F1DBA85F-8AF7-4446-8DCD-66A374F3ADCA}.Debug|x86.ActiveCfg = Debug|Win32
		{F1DBA85F-8AF7-4446-8DCD-66A374F3ADCA}.Debug|x86.Build.0 = Debug|Win32
		{F1DBA85F-8AF7-4446-8DCD-66A374F3ADCA}.Release|x64.ActiveCfg = Release|x64
		{F1DBA85F-8AF7-4446-8DCD-66A374F3ADCA}.Release|x64.Build.0 = Release|x64
		{F1DBA85F-8AF7-4446-8DCD-66A374F3ADCA}.Release|x86.ActiveCfg = Release|Win32
		{F1DBA85F-8AF7-4446-8DCD-66A374F3ADCA}.Release|x86.Build.0 = Release|Win32
		{58F45652-39CD-4B21-8D55-869067F3EFEE}.Debug|x64.ActiveCfg = Debug|x64
		{58F45652-39CD-4B21-8D55-869067F3EFEE}.Debug|x64.Build.0 = Debug|x64
		{58F45652-39CD-4B21-8D55-869067F3EFEE}.Debug|x86.ActiveCfg = Debug|Win32
		{58F45652-39CD-4B21-8D55-869067F3EFEE}.Debug|x86.Build.0 = Debug|Win32
		{58F45652-39CD-4B21-8D55-869067F3EFEE}.Release|x64.ActiveCfg = Release|x64
		{58F45652-39CD-4B21-8D55-869067F3EFEE}.Release|x64.Build.0 = Release|x64
		{58F45652-39CD-4B21-8D55-869067F3EFEE}.Release|x86.ActiveCfg = Release|Win32
		{58F45652-39CD-4B21-8D55-869067F3EFEE}.Release|x86.Build.0 = Release|Win32
		{F91E562F-9717-4955-8768-8C7F8B385402}.Debug|x64.ActiveCfg = Debug|x64
		{F91E562F-9717-4955-8768-8C7F8B385402}.Debug|x64.Build.0 = Debug|x64
		{F91E562F-9717-4955-8768-8C7F8B385402}.Debug|x86.ActiveCfg = Debug|Win32
		{F91E562F-9717-4955-8768-8C7F8B385402}.Debug|x86.Build.0 = Debug|Win32
		{F91E562F-9717-4955-8768-8C7F8B385402}.Release|x64.ActiveCfg = Release|x64
		{F91E562F-9717-4955-8768-8C7F8B385402}.Release|x64.Build.0 = Release|x64
		{F91E562F-9717-4955-8768-8C7F8B385402}.Release|x86.ActiveCfg = Release|Win32
		{F91E562F-9717-4955-8768-8C7F8B385402}.Release|x86.Build.0 = Release|Win32
		{9D75975B-7FD8-428D-88DE-88C0D939C421}.Debug|x64.ActiveCfg = Debug|x64
		{9D75975B-7FD8-428D-88DE-88C0D939C421}.Debug|x64.Build.0 = Debug|x64
		{9D75975B-7FD8-428D-88DE-88C0D939C421}.Debug|x86.ActiveCfg = Debug|Win32
		{9D75975B-7FD8-428D-88DE-88C0D939C421}.Debug|x86.Build.0 = Debug|Win32
		{9D75975B-7FD8-428D-88DE-88C0D939C421}.Release|x64.ActiveCfg = Release|x64
		{9D75975B-7FD8-428D-88DE-88C0D939C421}.Release|x64.Build.0 = Release|x64
		{9D75975B-7FD8-428D-88DE-88C0D939C421}.Release|x86.ActiveCfg = Release|Win32
		{9D75975B-7FD8-428D-88DE-88C0D939C421}.Release|x86.Build.0 = Release|Win32
		{342BFCB4-A16F-4054-92A7-725EB710ABDE}.Debug|x64.ActiveCfg = Debug|x64
		{342BFCB4-A16F-4054-92A7-725EB710ABDE}.Debug|x64.Build.0 = Debug|x64
		{342BFCB4-A16F-4054-92A7-725EB710ABDE}.Debug|x86.ActiveCfg = Debug|Win32
		{342BFCB4-A16F-4054-92A7-725EB710ABDE}.Debug|x86.Build.0 = Debug|Win32
		{342BFCB4-A16F-4054-92A7-725EB710ABDE}.Release|x64.ActiveCfg = Release|x64
		{342BFCB4-A16F-4054-92A7-725EB710ABDE}.Release|x64.Build.0 = Release|x64
		{342BFCB4-A16F-4054-92A7-725EB710ABDE}.Release|x86.ActiveCfg = Release|Win32
		{342BFCB4-A16F-4054-92A7-725EB710ABDE}.Release|x86.Build.0 = Release|Win32
		{8192C9E1-518B-4FBD-91D8-1C60C18B697D}.Debug|x64.ActiveCfg = Debug|x64
		{8192C9E1-518B-4FBD-91D8-1C60C18B697D}.Debug|x64.Build.0 = Debug|x64
		{8192C9E1-518B-4FBD-91D8-1C60C18B697D}.Debug|x86.ActiveCfg = Debug|Win32
		{8192C9E1-518B-4FBD-91D8-1C60C18B697D}.Debug|x86.Build.0 = Debug|Win32
		{8192C9E1-518B-4FBD-91D8-1C60C18B697D}.Release|x64.ActiveCfg = Release|x64
		{8192C9E1-518B-4FBD-91D8-1C60C18B697D}.Release|x64.Build.0 = Release|x64
		{8192C9E1-518B-4FBD-91D8-1C60C18B697D}.Release|x86.ActiveCfg = Release|Win32
		{8192C9E1-518B-4FBD-91D8-1C60C18B697D}.Release|x86.Build.0 = Release|Win32
		{C0E5E027-F322-4026-8FF3-C5271704527C}.Debug|x64.ActiveCfg = Debug|x64
		{C0E5E027-F322-4026-8FF3-C5271704527C}.Debug|x64.Build.0 = Debug|x64
		{C0E5E027-F322-4026-8FF3-C5271704527C}.Debug|x86.ActiveCfg = Debug|Win32
		{C0E5E027-F322-4026-8FF3-C5271704527C}.Debug|x86.Build.0 = Debug|Win32
		{C0E5E027-F322-4026-8FF3-C5271704527C}.Release|x64.ActiveCfg = Release|x64
		{C0E5E027-F322-4026-8FF3-C5271704527C}.Release|x64.Build.0 = Release|x64
		{C0E5E027-F322-4026-8FF3-C5271704527C}.Release|x86.ActiveCfg = Release|Win32
		{C0E5E027-F322-4026-8FF3-C5271704527C}.Release|x86.Build.0 = Release|Win32
		{080F9C4C-69A8-4823-A6DB-1A609303FD41}.Debug|x64.ActiveCfg = Debug|x64
		{080F9C4C-69A8-4823-A6DB-1A609303FD41}.Debug|x64.Build.0 = Debug|x64
		{080F9C4C-69A8-4823-A6DB-1A609303FD41}.Debug|x86.ActiveCfg = Debug|Win32
		{080F9C4C-69A8-4823-A6DB-1A609303FD41}.Debug|x86.Build.0 = Debug|Win32
		{080F9C4C-69A8-4823-A6DB-1A609303FD41}.Release|x64.ActiveCfg = Release|x64
		{080F9C4C-69A8-4823-A6DB-1A609303FD41}.Release|x64.Build.0 = Release|x64
		{080F9C4C-69A8-4823-A6DB-1A609303FD41}.Release|x86.ActiveCfg = Release|Win32
		{080F9C4C-69A8-4823-A6DB-1A609303FD41}.Release|x86.Build.0 = Release|Win32
		{F42F7D39-FA0D-48B1-B741-B15F7BD9D335}.Debug|x64.ActiveCfg = Debug|x64
		{F42F7D39-FA0D-48B1-B741-B15F7BD9D335}.Debug|x64.Build.0 = Debug|x64
		{F42F7D39-FA0D-48B1-B741-B15F7BD9D335}.Debug|x86.ActiveCfg = Debug|Win32
		{F42F7D39-FA0D-48B1-B741-B15F7BD9D335}.Debug|x86.Build.0 = Debug|Win32
		{F42F7D39-FA0D-48B1-B741-B15F7BD9D335}.Release|x64.ActiveCfg = Release|x64
		{F42F7D39-FA0D-48B1-B741-B15F7BD9D335}.Release|x64.Build.0 = Release|x64
		{F42F7D39-FA0D-48B1-B741-B15F7BD9D335}.Release|x86.ActiveCfg = Release|Win32
		{F42F7D39-FA0D-48B1-B741-B15F7BD9D335}.Release|x86.Build.0 = Release|Win32
		{6EF585FA-3F58-47D5-A2FD-E174D71FA9C0}.Debug|x64.ActiveCfg = Debug|x64
		{6EF585FA-3F58-47D5-A2FD-E174D71FA9C0}.Debug|x64.Build.0 = Debug|x64
		{6EF585FA-3F58-47D5-A2FD-E174D71FA9C0}.Debug|x86.ActiveCfg = Debug|Win32
		{6EF585FA-3F58-47D5-A2FD-E174D71FA9C0}.Debug|x86.Build.0 = Debug|Win32
		{6EF585FA-3F58-47D5-A2FD-E174D71FA9C0}.Release|x64.ActiveCfg = Release|x64
		{6EF585FA-3F58-47D5-A2FD-E174D71FA9C0}.Release|x64.Build.0 = Release|x64
		{6EF585FA-3F58-47D5-A2FD-E174D71FA9C0}.Release|x86.ActiveCfg = Release|Win32
		{6EF585FA-3F58-47D5-A2FD-E174D71FA9C0}.Release|x86.Build.0 = Release|Win32
		{61EE2DB0-2D0F-4608-B037-EA09763B393E}.Debug|x64.ActiveCfg = Debug|x64
		{61EE2DB0-2D0F-4608-B037-EA09763B393E}.Debug|x64.Build.0 = Debug|x64
		{61EE2DB0-2D0F-4608-B037-EA09763B393E}.Debug|x86.ActiveCfg = Debug|Win32
		{61EE2DB0-2D0F-4608-B037-EA09763B393E}.Debug|x86.Build.0 = Debug|Win32
		{61EE2DB0-2D0F-4608-B037-EA09763B393E}.Release|x64.ActiveCfg = Release|x64
		{61EE2DB0-2D0F-4608-B037-EA09763B393E}.Release|x64.Build.0 = Release|x64
		{61EE2DB0-2D0F-4608-B037-EA09763B393E}.Release|x86.ActiveCfg = Release|Win32
		{61EE2DB0-2D0F-4608-B037-EA09763B393E}.Release|x86.Build.0 = Release|Win32
	EndGlobalSection
	GlobalSection(SolutionProperties) = preSolution
		HideSolutionNode = FALSE
	EndGlobalSection
	GlobalSection(ExtensibilityGlobals) = postSolution
		SolutionGuid = {3C780ED2-B355-41F8-AE41-8E943FF0D98C}
	EndGlobalSection
EndGlobal
