
Microsoft Visual Studio Solution File, Format Version 12.00
# Visual Studio Version 16
VisualStudioVersion = 16.0.31702.278
MinimumVisualStudioVersion = 10.0.40219.1
Project("{8BC9CEB8-8B4A-11D0-8D11-00A0C91BC942}") = "第七章7.3", "第七章\第七章.vcxproj", "{0FA2DB32-3CF5-4DBD-B819-B9DAFDFECE70}"
EndProject
Project("{8BC9CEB8-8B4A-11D0-8D11-00A0C91BC942}") = "第七章7.3.1", "第七章7.3.1\第七章7.3.1.vcxproj", "{4939B6BE-38B8-4F7C-811F-54B623A61354}"
EndProject
Project("{8BC9CEB8-8B4A-11D0-8D11-00A0C91BC942}") = "第七章7.3.2-7.3.3", "第七章7.3.2\第七章7.3.2.vcxproj", "{41288DE4-0B31-4929-9B06-9EF16160A54E}"
EndProject
Project("{8BC9CEB8-8B4A-11D0-8D11-00A0C91BC942}") = "第七章7.3.4", "第七章7.3.4\第七章7.3.4.vcxproj", "{C3597B1E-5924-4ABF-87AC-9B34B933535F}"
EndProject
Project("{8BC9CEB8-8B4A-11D0-8D11-00A0C91BC942}") = "第七章7.3.5", "七章\七章.vcxproj", "{4364178E-52F2-4719-BA0C-5EC85597452B}"
EndProject
Project("{8BC9CEB8-8B4A-11D0-8D11-00A0C91BC942}") = "测试项目", "测试项目\测试项目.vcxproj", "{FE06DB83-A3EF-4FCC-9517-5DC1118060E2}"
EndProject
Project("{8BC9CEB8-8B4A-11D0-8D11-00A0C91BC942}") = "第七章7.4", "第七章7.4\第七章7.4.vcxproj", "{EB7637EE-AFEB-4823-AB0B-59D4346CA422}"
EndProject
Project("{8BC9CEB8-8B4A-11D0-8D11-00A0C91BC942}") = "第七章7.5.1", "第七章7.5.1\第七章7.5.1.vcxproj", "{85298727-6B6A-47E9-975F-48C454D1C51A}"
EndProject
Project("{8BC9CEB8-8B4A-11D0-8D11-00A0C91BC942}") = "第七章7.5.2", "第七章7.5.2\第七章7.5.2.vcxproj", "{BE0169B8-807D-4AB5-9F9F-62CD3E9C5044}"
EndProject
Project("{8BC9CEB8-8B4A-11D0-8D11-00A0C91BC942}") = "第七章7.6.1", "第七章7.6\第七章7.6.vcxproj", "{7610B798-7295-4E21-B457-A0988A1B8A8B}"
EndProject
Project("{8BC9CEB8-8B4A-11D0-8D11-00A0C91BC942}") = "第七章7.6.2", "第七章7.6.2\第七章7.6.2.vcxproj", "{2BF752C9-6627-4E0A-B575-D1C5913F13AE}"
EndProject
Project("{8BC9CEB8-8B4A-11D0-8D11-00A0C91BC942}") = "第七章7.6.3", "第七章7.6.3\第七章7.6.3.vcxproj", "{BD01EF84-BB55-45E5-A7AE-D680DFA63479}"
EndProject
Project("{8BC9CEB8-8B4A-11D0-8D11-00A0C91BC942}") = "第七章7.7", "第七章7.7\第七章7.7.vcxproj", "{17FE84AB-74C4-4F5F-9457-57B5073E40FB}"
EndProject
Project("{8BC9CEB8-8B4A-11D0-8D11-00A0C91BC942}") = "第七章7.8", "第七章7.8\第七章7.8.vcxproj", "{4D655A8E-FBB0-49B4-B11F-1BFCC6921F34}"
EndProject
Project("{8BC9CEB8-8B4A-11D0-8D11-00A0C91BC942}") = "第七章7.9.1", "第七章7.9.1\第七章7.9.1.vcxproj", "{0E2448EC-D2CE-4C4A-9EFA-86CD44FA8ADC}"
EndProject
Global
	GlobalSection(SolutionConfigurationPlatforms) = preSolution
		Debug|x64 = Debug|x64
		Debug|x86 = Debug|x86
		Release|x64 = Release|x64
		Release|x86 = Release|x86
	EndGlobalSection
	GlobalSection(ProjectConfigurationPlatforms) = postSolution
		{0FA2DB32-3CF5-4DBD-B819-B9DAFDFECE70}.Debug|x64.ActiveCfg = Debug|x64
		{0FA2DB32-3CF5-4DBD-B819-B9DAFDFECE70}.Debug|x64.Build.0 = Debug|x64
		{0FA2DB32-3CF5-4DBD-B819-B9DAFDFECE70}.Debug|x86.ActiveCfg = Debug|Win32
		{0FA2DB32-3CF5-4DBD-B819-B9DAFDFECE70}.Debug|x86.Build.0 = Debug|Win32
		{0FA2DB32-3CF5-4DBD-B819-B9DAFDFECE70}.Release|x64.ActiveCfg = Release|x64
		{0FA2DB32-3CF5-4DBD-B819-B9DAFDFECE70}.Release|x64.Build.0 = Release|x64
		{0FA2DB32-3CF5-4DBD-B819-B9DAFDFECE70}.Release|x86.ActiveCfg = Release|Win32
		{0FA2DB32-3CF5-4DBD-B819-B9DAFDFECE70}.Release|x86.Build.0 = Release|Win32
		{4939B6BE-38B8-4F7C-811F-54B623A61354}.Debug|x64.ActiveCfg = Debug|x64
		{4939B6BE-38B8-4F7C-811F-54B623A61354}.Debug|x64.Build.0 = Debug|x64
		{4939B6BE-38B8-4F7C-811F-54B623A61354}.Debug|x86.ActiveCfg = Debug|Win32
		{4939B6BE-38B8-4F7C-811F-54B623A61354}.Debug|x86.Build.0 = Debug|Win32
		{4939B6BE-38B8-4F7C-811F-54B623A61354}.Release|x64.ActiveCfg = Release|x64
		{4939B6BE-38B8-4F7C-811F-54B623A61354}.Release|x64.Build.0 = Release|x64
		{4939B6BE-38B8-4F7C-811F-54B623A61354}.Release|x86.ActiveCfg = Release|Win32
		{4939B6BE-38B8-4F7C-811F-54B623A61354}.Release|x86.Build.0 = Release|Win32
		{41288DE4-0B31-4929-9B06-9EF16160A54E}.Debug|x64.ActiveCfg = Debug|x64
		{41288DE4-0B31-4929-9B06-9EF16160A54E}.Debug|x64.Build.0 = Debug|x64
		{41288DE4-0B31-4929-9B06-9EF16160A54E}.Debug|x86.ActiveCfg = Debug|Win32
		{41288DE4-0B31-4929-9B06-9EF16160A54E}.Debug|x86.Build.0 = Debug|Win32
		{41288DE4-0B31-4929-9B06-9EF16160A54E}.Release|x64.ActiveCfg = Release|x64
		{41288DE4-0B31-4929-9B06-9EF16160A54E}.Release|x64.Build.0 = Release|x64
		{41288DE4-0B31-4929-9B06-9EF16160A54E}.Release|x86.ActiveCfg = Release|Win32
		{41288DE4-0B31-4929-9B06-9EF16160A54E}.Release|x86.Build.0 = Release|Win32
		{C3597B1E-5924-4ABF-87AC-9B34B933535F}.Debug|x64.ActiveCfg = Debug|x64
		{C3597B1E-5924-4ABF-87AC-9B34B933535F}.Debug|x64.Build.0 = Debug|x64
		{C3597B1E-5924-4ABF-87AC-9B34B933535F}.Debug|x86.ActiveCfg = Debug|Win32
		{C3597B1E-5924-4ABF-87AC-9B34B933535F}.Debug|x86.Build.0 = Debug|Win32
		{C3597B1E-5924-4ABF-87AC-9B34B933535F}.Release|x64.ActiveCfg = Release|x64
		{C3597B1E-5924-4ABF-87AC-9B34B933535F}.Release|x64.Build.0 = Release|x64
		{C3597B1E-5924-4ABF-87AC-9B34B933535F}.Release|x86.ActiveCfg = Release|Win32
		{C3597B1E-5924-4ABF-87AC-9B34B933535F}.Release|x86.Build.0 = Release|Win32
		{4364178E-52F2-4719-BA0C-5EC85597452B}.Debug|x64.ActiveCfg = Debug|x64
		{4364178E-52F2-4719-BA0C-5EC85597452B}.Debug|x64.Build.0 = Debug|x64
		{4364178E-52F2-4719-BA0C-5EC85597452B}.Debug|x86.ActiveCfg = Debug|Win32
		{4364178E-52F2-4719-BA0C-5EC85597452B}.Debug|x86.Build.0 = Debug|Win32
		{4364178E-52F2-4719-BA0C-5EC85597452B}.Release|x64.ActiveCfg = Release|x64
		{4364178E-52F2-4719-BA0C-5EC85597452B}.Release|x64.Build.0 = Release|x64
		{4364178E-52F2-4719-BA0C-5EC85597452B}.Release|x86.ActiveCfg = Release|Win32
		{4364178E-52F2-4719-BA0C-5EC85597452B}.Release|x86.Build.0 = Release|Win32
		{FE06DB83-A3EF-4FCC-9517-5DC1118060E2}.Debug|x64.ActiveCfg = Debug|x64
		{FE06DB83-A3EF-4FCC-9517-5DC1118060E2}.Debug|x64.Build.0 = Debug|x64
		{FE06DB83-A3EF-4FCC-9517-5DC1118060E2}.Debug|x86.ActiveCfg = Debug|Win32
		{FE06DB83-A3EF-4FCC-9517-5DC1118060E2}.Debug|x86.Build.0 = Debug|Win32
		{FE06DB83-A3EF-4FCC-9517-5DC1118060E2}.Release|x64.ActiveCfg = Release|x64
		{FE06DB83-A3EF-4FCC-9517-5DC1118060E2}.Release|x64.Build.0 = Release|x64
		{FE06DB83-A3EF-4FCC-9517-5DC1118060E2}.Release|x86.ActiveCfg = Release|Win32
		{FE06DB83-A3EF-4FCC-9517-5DC1118060E2}.Release|x86.Build.0 = Release|Win32
		{EB7637EE-AFEB-4823-AB0B-59D4346CA422}.Debug|x64.ActiveCfg = Debug|x64
		{EB7637EE-AFEB-4823-AB0B-59D4346CA422}.Debug|x64.Build.0 = Debug|x64
		{EB7637EE-AFEB-4823-AB0B-59D4346CA422}.Debug|x86.ActiveCfg = Debug|Win32
		{EB7637EE-AFEB-4823-AB0B-59D4346CA422}.Debug|x86.Build.0 = Debug|Win32
		{EB7637EE-AFEB-4823-AB0B-59D4346CA422}.Release|x64.ActiveCfg = Release|x64
		{EB7637EE-AFEB-4823-AB0B-59D4346CA422}.Release|x64.Build.0 = Release|x64
		{EB7637EE-AFEB-4823-AB0B-59D4346CA422}.Release|x86.ActiveCfg = Release|Win32
		{EB7637EE-AFEB-4823-AB0B-59D4346CA422}.Release|x86.Build.0 = Release|Win32
		{85298727-6B6A-47E9-975F-48C454D1C51A}.Debug|x64.ActiveCfg = Debug|x64
		{85298727-6B6A-47E9-975F-48C454D1C51A}.Debug|x64.Build.0 = Debug|x64
		{85298727-6B6A-47E9-975F-48C454D1C51A}.Debug|x86.ActiveCfg = Debug|Win32
		{85298727-6B6A-47E9-975F-48C454D1C51A}.Debug|x86.Build.0 = Debug|Win32
		{85298727-6B6A-47E9-975F-48C454D1C51A}.Release|x64.ActiveCfg = Release|x64
		{85298727-6B6A-47E9-975F-48C454D1C51A}.Release|x64.Build.0 = Release|x64
		{85298727-6B6A-47E9-975F-48C454D1C51A}.Release|x86.ActiveCfg = Release|Win32
		{85298727-6B6A-47E9-975F-48C454D1C51A}.Release|x86.Build.0 = Release|Win32
		{BE0169B8-807D-4AB5-9F9F-62CD3E9C5044}.Debug|x64.ActiveCfg = Debug|x64
		{BE0169B8-807D-4AB5-9F9F-62CD3E9C5044}.Debug|x64.Build.0 = Debug|x64
		{BE0169B8-807D-4AB5-9F9F-62CD3E9C5044}.Debug|x86.ActiveCfg = Debug|Win32
		{BE0169B8-807D-4AB5-9F9F-62CD3E9C5044}.Debug|x86.Build.0 = Debug|Win32
		{BE0169B8-807D-4AB5-9F9F-62CD3E9C5044}.Release|x64.ActiveCfg = Release|x64
		{BE0169B8-807D-4AB5-9F9F-62CD3E9C5044}.Release|x64.Build.0 = Release|x64
		{BE0169B8-807D-4AB5-9F9F-62CD3E9C5044}.Release|x86.ActiveCfg = Release|Win32
		{BE0169B8-807D-4AB5-9F9F-62CD3E9C5044}.Release|x86.Build.0 = Release|Win32
		{7610B798-7295-4E21-B457-A0988A1B8A8B}.Debug|x64.ActiveCfg = Debug|x64
		{7610B798-7295-4E21-B457-A0988A1B8A8B}.Debug|x64.Build.0 = Debug|x64
		{7610B798-7295-4E21-B457-A0988A1B8A8B}.Debug|x86.ActiveCfg = Debug|Win32
		{7610B798-7295-4E21-B457-A0988A1B8A8B}.Debug|x86.Build.0 = Debug|Win32
		{7610B798-7295-4E21-B457-A0988A1B8A8B}.Release|x64.ActiveCfg = Release|x64
		{7610B798-7295-4E21-B457-A0988A1B8A8B}.Release|x64.Build.0 = Release|x64
		{7610B798-7295-4E21-B457-A0988A1B8A8B}.Release|x86.ActiveCfg = Release|Win32
		{7610B798-7295-4E21-B457-A0988A1B8A8B}.Release|x86.Build.0 = Release|Win32
		{2BF752C9-6627-4E0A-B575-D1C5913F13AE}.Debug|x64.ActiveCfg = Debug|x64
		{2BF752C9-6627-4E0A-B575-D1C5913F13AE}.Debug|x64.Build.0 = Debug|x64
		{2BF752C9-6627-4E0A-B575-D1C5913F13AE}.Debug|x86.ActiveCfg = Debug|Win32
		{2BF752C9-6627-4E0A-B575-D1C5913F13AE}.Debug|x86.Build.0 = Debug|Win32
		{2BF752C9-6627-4E0A-B575-D1C5913F13AE}.Release|x64.ActiveCfg = Release|x64
		{2BF752C9-6627-4E0A-B575-D1C5913F13AE}.Release|x64.Build.0 = Release|x64
		{2BF752C9-6627-4E0A-B575-D1C5913F13AE}.Release|x86.ActiveCfg = Release|Win32
		{2BF752C9-6627-4E0A-B575-D1C5913F13AE}.Release|x86.Build.0 = Release|Win32
		{BD01EF84-BB55-45E5-A7AE-D680DFA63479}.Debug|x64.ActiveCfg = Debug|x64
		{BD01EF84-BB55-45E5-A7AE-D680DFA63479}.Debug|x64.Build.0 = Debug|x64
		{BD01EF84-BB55-45E5-A7AE-D680DFA63479}.Debug|x86.ActiveCfg = Debug|Win32
		{BD01EF84-BB55-45E5-A7AE-D680DFA63479}.Debug|x86.Build.0 = Debug|Win32
		{BD01EF84-BB55-45E5-A7AE-D680DFA63479}.Release|x64.ActiveCfg = Release|x64
		{BD01EF84-BB55-45E5-A7AE-D680DFA63479}.Release|x64.Build.0 = Release|x64
		{BD01EF84-BB55-45E5-A7AE-D680DFA63479}.Release|x86.ActiveCfg = Release|Win32
		{BD01EF84-BB55-45E5-A7AE-D680DFA63479}.Release|x86.Build.0 = Release|Win32
		{17FE84AB-74C4-4F5F-9457-57B5073E40FB}.Debug|x64.ActiveCfg = Debug|x64
		{17FE84AB-74C4-4F5F-9457-57B5073E40FB}.Debug|x64.Build.0 = Debug|x64
		{17FE84AB-74C4-4F5F-9457-57B5073E40FB}.Debug|x86.ActiveCfg = Debug|Win32
		{17FE84AB-74C4-4F5F-9457-57B5073E40FB}.Debug|x86.Build.0 = Debug|Win32
		{17FE84AB-74C4-4F5F-9457-57B5073E40FB}.Release|x64.ActiveCfg = Release|x64
		{17FE84AB-74C4-4F5F-9457-57B5073E40FB}.Release|x64.Build.0 = Release|x64
		{17FE84AB-74C4-4F5F-9457-57B5073E40FB}.Release|x86.ActiveCfg = Release|Win32
		{17FE84AB-74C4-4F5F-9457-57B5073E40FB}.Release|x86.Build.0 = Release|Win32
		{4D655A8E-FBB0-49B4-B11F-1BFCC6921F34}.Debug|x64.ActiveCfg = Debug|x64
		{4D655A8E-FBB0-49B4-B11F-1BFCC6921F34}.Debug|x64.Build.0 = Debug|x64
		{4D655A8E-FBB0-49B4-B11F-1BFCC6921F34}.Debug|x86.ActiveCfg = Debug|Win32
		{4D655A8E-FBB0-49B4-B11F-1BFCC6921F34}.Debug|x86.Build.0 = Debug|Win32
		{4D655A8E-FBB0-49B4-B11F-1BFCC6921F34}.Release|x64.ActiveCfg = Release|x64
		{4D655A8E-FBB0-49B4-B11F-1BFCC6921F34}.Release|x64.Build.0 = Release|x64
		{4D655A8E-FBB0-49B4-B11F-1BFCC6921F34}.Release|x86.ActiveCfg = Release|Win32
		{4D655A8E-FBB0-49B4-B11F-1BFCC6921F34}.Release|x86.Build.0 = Release|Win32
		{0E2448EC-D2CE-4C4A-9EFA-86CD44FA8ADC}.Debug|x64.ActiveCfg = Debug|x64
		{0E2448EC-D2CE-4C4A-9EFA-86CD44FA8ADC}.Debug|x64.Build.0 = Debug|x64
		{0E2448EC-D2CE-4C4A-9EFA-86CD44FA8ADC}.Debug|x86.ActiveCfg = Debug|Win32
		{0E2448EC-D2CE-4C4A-9EFA-86CD44FA8ADC}.Debug|x86.Build.0 = Debug|Win32
		{0E2448EC-D2CE-4C4A-9EFA-86CD44FA8ADC}.Release|x64.ActiveCfg = Release|x64
		{0E2448EC-D2CE-4C4A-9EFA-86CD44FA8ADC}.Release|x64.Build.0 = Release|x64
		{0E2448EC-D2CE-4C4A-9EFA-86CD44FA8ADC}.Release|x86.ActiveCfg = Release|Win32
		{0E2448EC-D2CE-4C4A-9EFA-86CD44FA8ADC}.Release|x86.Build.0 = Release|Win32
	EndGlobalSection
	GlobalSection(SolutionProperties) = preSolution
		HideSolutionNode = FALSE
	EndGlobalSection
	GlobalSection(ExtensibilityGlobals) = postSolution
		SolutionGuid = {8ECFB6DD-2323-4022-B8F4-D38F6BBB3C29}
	EndGlobalSection
EndGlobal
